{
  "name": "addt",
  "version": "0.1.0",
  "lockfileVersion": 2,
  "requires": true,
  "packages": {
    "": {
      "name": "addt",
      "version": "0.1.0",
      "license": "MIT",
      "dependencies": {
        "@yarnpkg/lockfile": "1.1.0"
      },
      "bin": {
        "addt": "bin/index.js"
      },
      "devDependencies": {
        "@types/node": "16",
        "@types/yarnpkg__lockfile": "1.1.5",
        "typescript": "4.7.4"
      }
    },
    "node_modules/@types/node": {
      "version": "16.11.43",
      "resolved": "https://registry.npmjs.org/@types/node/-/node-16.11.43.tgz",
      "integrity": "sha512-GqWykok+3uocgfAJM8imbozrqLnPyTrpFlrryURQlw1EesPUCx5XxTiucWDSFF9/NUEXDuD4bnvHm8xfVGWTpQ==",
      "dev": true,
      "license": "MIT"
    },
    "node_modules/@types/yarnpkg__lockfile": {
      "version": "1.1.5",
      "resolved": "https://registry.npmjs.org/@types/yarnpkg__lockfile/-/yarnpkg__lockfile-1.1.5.tgz",
      "integrity": "sha512-8NYnGOctzsI4W0ApsP/BIHD/LnxpJ6XaGf2AZmz4EyDYJMxtprN4279dLNI1CPZcwC9H18qYcaFv4bXi0wmokg==",
      "dev": true,
      "license": "MIT"
    },
    "node_modules/@yarnpkg/lockfile": {
      "version": "1.1.0",
      "resolved": "https://registry.npmjs.org/@yarnpkg/lockfile/-/lockfile-1.1.0.tgz",
      "integrity": "sha512-GpSwvyXOcOOlV70vbnzjj4fW5xW/FdUF6nQEt1ENy7m4ZCczi1+/buVUPAqmGfqznsORNFzUMjctTIp8a9tuCQ==",
      "license": "BSD-2-Clause"
    },
    "node_modules/typescript": {
      "version": "4.7.4",
      "resolved": "https://registry.npmjs.org/typescript/-/typescript-4.7.4.tgz",
      "integrity": "sha512-C0WQT0gezHuw6AdY1M2jxUO83Rjf0HP7Sk1DtXj6j1EwkQNZrHAg2XPWlq62oqEhYvONq5pkC2Y9oPljWToLmQ==",
      "dev": true,
      "license": "Apache-2.0",
      "bin": {
        "tsc": "bin/tsc",
        "tsserver": "bin/tsserver"
      },
      "engines": {
        "node": ">=4.2.0"
      }
    }
  },
  "dependencies": {
    "@types/node": {
      "version": "16.11.43",
      "resolved": "https://registry.npmjs.org/@types/node/-/node-16.11.43.tgz",
      "integrity": "sha512-GqWykok+3uocgfAJM8imbozrqLnPyTrpFlrryURQlw1EesPUCx5XxTiucWDSFF9/NUEXDuD4bnvHm8xfVGWTpQ==",
      "dev": true
    },
    "@types/yarnpkg__lockfile": {
      "version": "1.1.5",
      "resolved": "https://registry.npmjs.org/@types/yarnpkg__lockfile/-/yarnpkg__lockfile-1.1.5.tgz",
      "integrity": "sha512-8NYnGOctzsI4W0ApsP/BIHD/LnxpJ6XaGf2AZmz4EyDYJMxtprN4279dLNI1CPZcwC9H18qYcaFv4bXi0wmokg==",
      "dev": true
    },
    "@yarnpkg/lockfile": {
      "version": "1.1.0",
      "resolved": "https://registry.npmjs.org/@yarnpkg/lockfile/-/lockfile-1.1.0.tgz",
      "integrity": "sha512-GpSwvyXOcOOlV70vbnzjj4fW5xW/FdUF6nQEt1ENy7m4ZCczi1+/buVUPAqmGfqznsORNFzUMjctTIp8a9tuCQ=="
    },
    "typescript": {
      "version": "4.7.4",
      "resolved": "https://registry.npmjs.org/typescript/-/typescript-4.7.4.tgz",
      "integrity": "sha512-C0WQT0gezHuw6AdY1M2jxUO83Rjf0HP7Sk1DtXj6j1EwkQNZrHAg2XPWlq62oqEhYvONq5pkC2Y9oPljWToLmQ==",
      "dev": true
    }
  }
}
